# This file is autogenerated, do not edit; changes may be undone by the next 'dep ensure'.


[[projects]]
  branch = "v1"
  digest = "1:c57ad46ef80c837796726c6f529bcbedaa3b658e93e928bbeb88378b6a5f43e8"
  name = "github.com/dutchcoders/goftp"
  packages = ["."]
  pruneopts = "UT"
  revision = "ed59a591ce14ff6c19c49be14294528d11a88c37"

[solve-meta]
  analyzer-name = "dep"
  analyzer-version = 1
  input-imports = ["github.com/dutchcoders/goftp"]
  solver-name = "gps-cdcl"
  solver-version = 1
